DEPENDENCIES
  apt
  capistrano
    path: site-cookbooks/capistrano
  hostsfile
  phpenv
    path: site-cookbooks/phpenv
  ruby-ng

GRAPH
  apt (6.1.0)
  build-essential (8.0.1)
    mingw (>= 1.1)
    seven_zip (>= 0.0.0)
  capistrano (0.1.0)
  hostsfile (2.4.5)
  mingw (2.0.0)
    seven_zip (>= 0.0.0)
  ohai (5.0.3)
  phpenv (0.1.0)
    hostsfile (>= 0.0.0)
  ruby-ng (0.3.0)
    apt (>= 0.0.0)
    build-essential (>= 0.0.0)
  seven_zip (2.0.2)
    windows (>= 1.2.2)
  windows (3.0.5)
    ohai (>= 4.0.0)
